
Microsoft Visual Studio Solution File, Format Version 12.00
# Visual Studio Version 17
VisualStudioVersion = 17.14.36301.6
MinimumVisualStudioVersion = 10.0.40219.1
Project("{FAE04EC0-301F-11D3-BF4B-00C04F79EFBC}") = "Sklad.Api", "Sklad.Api\Sklad.Api.csproj", "{FA112D6D-0E05-44BB-9980-83851C02A15E}"
EndProject
Project("{FAE04EC0-301F-11D3-BF4B-00C04F79EFBC}") = "Sklad.Domain", "Sklad.Domain\Sklad.Domain.csproj", "{196BC1AB-F075-4391-A43A-1B9AE5903356}"
EndProject
Project("{FAE04EC0-301F-11D3-BF4B-00C04F79EFBC}") = "Sklad.Application", "Sklad.Application\Sklad.Application.csproj", "{74B7EEAD-03FD-40DD-A8B7-CD1E91FBA432}"
EndProject
Project("{FAE04EC0-301F-11D3-BF4B-00C04F79EFBC}") = "Sklad.Persistence", "Sklad.Persistence\Sklad.Persistence.csproj", "{5CCB2AAB-1392-4AF8-A783-8BD02738B35D}"
EndProject
Project("{FAE04EC0-301F-11D3-BF4B-00C04F79EFBC}") = "Sklad.Contracts", "Sklad.Contracts\Sklad.Contracts.csproj", "{54516763-0827-4A23-8612-2640C171C820}"
EndProject
Global
	GlobalSection(SolutionConfigurationPlatforms) = preSolution
		Debug|Any CPU = Debug|Any CPU
		Release|Any CPU = Release|Any CPU
	EndGlobalSection
	GlobalSection(ProjectConfigurationPlatforms) = postSolution
		{FA112D6D-0E05-44BB-9980-83851C02A15E}.Debug|Any CPU.ActiveCfg = Debug|Any CPU
		{FA112D6D-0E05-44BB-9980-83851C02A15E}.Debug|Any CPU.Build.0 = Debug|Any CPU
		{FA112D6D-0E05-44BB-9980-83851C02A15E}.Release|Any CPU.ActiveCfg = Release|Any CPU
		{FA112D6D-0E05-44BB-9980-83851C02A15E}.Release|Any CPU.Build.0 = Release|Any CPU
		{196BC1AB-F075-4391-A43A-1B9AE5903356}.Debug|Any CPU.ActiveCfg = Debug|Any CPU
		{196BC1AB-F075-4391-A43A-1B9AE5903356}.Debug|Any CPU.Build.0 = Debug|Any CPU
		{196BC1AB-F075-4391-A43A-1B9AE5903356}.Release|Any CPU.ActiveCfg = Release|Any CPU
		{196BC1AB-F075-4391-A43A-1B9AE5903356}.Release|Any CPU.Build.0 = Release|Any CPU
		{74B7EEAD-03FD-40DD-A8B7-CD1E91FBA432}.Debug|Any CPU.ActiveCfg = Debug|Any CPU
		{74B7EEAD-03FD-40DD-A8B7-CD1E91FBA432}.Debug|Any CPU.Build.0 = Debug|Any CPU
		{74B7EEAD-03FD-40DD-A8B7-CD1E91FBA432}.Release|Any CPU.ActiveCfg = Release|Any CPU
		{74B7EEAD-03FD-40DD-A8B7-CD1E91FBA432}.Release|Any CPU.Build.0 = Release|Any CPU
		{5CCB2AAB-1392-4AF8-A783-8BD02738B35D}.Debug|Any CPU.ActiveCfg = Debug|Any CPU
		{5CCB2AAB-1392-4AF8-A783-8BD02738B35D}.Debug|Any CPU.Build.0 = Debug|Any CPU
		{5CCB2AAB-1392-4AF8-A783-8BD02738B35D}.Release|Any CPU.ActiveCfg = Release|Any CPU
		{5CCB2AAB-1392-4AF8-A783-8BD02738B35D}.Release|Any CPU.Build.0 = Release|Any CPU
		{54516763-0827-4A23-8612-2640C171C820}.Debug|Any CPU.ActiveCfg = Debug|Any CPU
		{54516763-0827-4A23-8612-2640C171C820}.Debug|Any CPU.Build.0 = Debug|Any CPU
		{54516763-0827-4A23-8612-2640C171C820}.Release|Any CPU.ActiveCfg = Release|Any CPU
		{54516763-0827-4A23-8612-2640C171C820}.Release|Any CPU.Build.0 = Release|Any CPU
	EndGlobalSection
	GlobalSection(SolutionProperties) = preSolution
		HideSolutionNode = FALSE
	EndGlobalSection
	GlobalSection(ExtensibilityGlobals) = postSolution
		SolutionGuid = {22C119D4-94A7-426E-854D-C62C8E2FC150}
	EndGlobalSection
EndGlobal
